
Microsoft Visual Studio Solution File, Format Version 12.00
# Visual Studio 15
VisualStudioVersion = 15.0.28307.572
MinimumVisualStudioVersion = 10.0.40219.1
Project("{D2ABAB84-BF74-430A-B69E-9DC6D40DDA17}") = "RealEstate2", "RealEstate2\RealEstate2.dwproj", "{6F854343-C3A6-42CC-8571-C4EC9EC899EE}"
EndProject
Global
	GlobalSection(SolutionConfigurationPlatforms) = preSolution
		Development|Default = Development|Default
	EndGlobalSection
	GlobalSection(ProjectConfigurationPlatforms) = postSolution
		{6F854343-C3A6-42CC-8571-C4EC9EC899EE}.Development|Default.ActiveCfg = Development
		{6F854343-C3A6-42CC-8571-C4EC9EC899EE}.Development|Default.Build.0 = Development
		{6F854343-C3A6-42CC-8571-C4EC9EC899EE}.Development|Default.Deploy.0 = Development
	EndGlobalSection
	GlobalSection(SolutionProperties) = preSolution
		HideSolutionNode = FALSE
	EndGlobalSection
	GlobalSection(ExtensibilityGlobals) = postSolution
		SolutionGuid = {DDF129CF-CDF0-4F8E-BB01-E616C636AB4C}
	EndGlobalSection
EndGlobal
